{
	"name": "cue-shared",
	"version": "1.0.0",
	"lockfileVersion": 1,
	"requires": true,
	"dependencies": {
		"esbuild": {
			"version": "0.8.47",
			"resolved": "https://registry.npmjs.org/esbuild/-/esbuild-0.8.47.tgz",
			"integrity": "sha512-4C9pInguP36c9CRDMSb6W1KrMfXrLIQVtI02Vglc43RBV0Dw49ODEnP6985mrz5iqCdQ2Cxmb9i670J/s3DBPA==",
			"dev": true
		}
	}
}
