{
	"name": "cue-compiler",
	"version": "1.0.0",
	"lockfileVersion": 1,
	"requires": true,
	"dependencies": {
		"esbuild": {
			"version": "0.8.33",
			"resolved": "https://registry.npmjs.org/esbuild/-/esbuild-0.8.33.tgz",
			"integrity": "sha512-2ms/P6Y9zJfopR9dKo2vHzhXKfGSNlquVVoVOF8YnhjuzZVrvManMVBPadBsR/t7jzIkRnwqvxrs7d4f3C3eyg=="
		}
	}
}
