{
	"name": "cue",
	"version": "1.0.0",
	"lockfileVersion": 1,
	"requires": true,
	"dependencies": {
		"esbuild": {
			"version": "0.8.42",
			"resolved": "https://registry.npmjs.org/esbuild/-/esbuild-0.8.42.tgz",
			"integrity": "sha512-zUtj5RMqROCCCH0vV/a7cd8YQg8I0GWBhV3A3PklWRT+oM/YwVbnrtFnITzE1otGdnXplWHWdZ4OcYiV0PN+JQ==",
			"dev": true
		}
	}
}
